
Microsoft Visual Studio Solution File, Format Version 12.00
# Visual Studio Version 17
VisualStudioVersion = 17.7.34024.191
MinimumVisualStudioVersion = 10.0.40219.1
Project("{FAE04EC0-301F-11D3-BF4B-00C04F79EFBC}") = "dispetcher", "dispetcher\dispetcher.csproj", "{435600DF-1084-4FDD-9A04-F21764CC8CE7}"
EndProject
Global
	GlobalSection(SolutionConfigurationPlatforms) = preSolution
		Debug|Any CPU = Debug|Any CPU
		Release|Any CPU = Release|Any CPU
	EndGlobalSection
	GlobalSection(ProjectConfigurationPlatforms) = postSolution
		{435600DF-1084-4FDD-9A04-F21764CC8CE7}.Debug|Any CPU.ActiveCfg = Debug|Any CPU
		{435600DF-1084-4FDD-9A04-F21764CC8CE7}.Debug|Any CPU.Build.0 = Debug|Any CPU
		{435600DF-1084-4FDD-9A04-F21764CC8CE7}.Release|Any CPU.ActiveCfg = Release|Any CPU
		{435600DF-1084-4FDD-9A04-F21764CC8CE7}.Release|Any CPU.Build.0 = Release|Any CPU
	EndGlobalSection
	GlobalSection(SolutionProperties) = preSolution
		HideSolutionNode = FALSE
	EndGlobalSection
	GlobalSection(ExtensibilityGlobals) = postSolution
		SolutionGuid = {264AEE94-0525-4E4D-9CCC-10492224CC19}
	EndGlobalSection
EndGlobal
